
Microsoft Visual Studio Solution File, Format Version 12.00
# Visual Studio Version 16
VisualStudioVersion = 16.0.808.0
MinimumVisualStudioVersion = 10.0.40219.1
Project("{FAE04EC0-301F-11D3-BF4B-00C04F79EFBC}") = "Pokedex.Android", "Pokedex.Android\Pokedex.Android.csproj", "{B318FE1E-53B8-46DA-828A-9A7C1B652A59}"
EndProject
Project("{FAE04EC0-301F-11D3-BF4B-00C04F79EFBC}") = "Pokedex.iOS", "Pokedex.iOS\Pokedex.iOS.csproj", "{040AFCF9-6F0D-4567-BEB0-376F7C7E85E1}"
EndProject
Project("{FAE04EC0-301F-11D3-BF4B-00C04F79EFBC}") = "Pokedex", "Pokedex\Pokedex.csproj", "{941F98DE-9CC3-40BC-B6D3-B514718CF2EE}"
EndProject
Global
	GlobalSection(SolutionConfigurationPlatforms) = preSolution
		Debug|Any CPU = Debug|Any CPU
		Release|Any CPU = Release|Any CPU
		Debug|iPhoneSimulator = Debug|iPhoneSimulator
		Release|iPhoneSimulator = Release|iPhoneSimulator
		Debug|iPhone = Debug|iPhone
		Release|iPhone = Release|iPhone
	EndGlobalSection
	GlobalSection(ProjectConfigurationPlatforms) = postSolution
		{B318FE1E-53B8-46DA-828A-9A7C1B652A59}.Debug|Any CPU.ActiveCfg = Debug|Any CPU
		{B318FE1E-53B8-46DA-828A-9A7C1B652A59}.Debug|Any CPU.Build.0 = Debug|Any CPU
		{B318FE1E-53B8-46DA-828A-9A7C1B652A59}.Release|Any CPU.ActiveCfg = Release|Any CPU
		{B318FE1E-53B8-46DA-828A-9A7C1B652A59}.Release|Any CPU.Build.0 = Release|Any CPU
		{B318FE1E-53B8-46DA-828A-9A7C1B652A59}.Debug|iPhoneSimulator.ActiveCfg = Debug|Any CPU
		{B318FE1E-53B8-46DA-828A-9A7C1B652A59}.Debug|iPhoneSimulator.Build.0 = Debug|Any CPU
		{B318FE1E-53B8-46DA-828A-9A7C1B652A59}.Release|iPhoneSimulator.ActiveCfg = Release|Any CPU
		{B318FE1E-53B8-46DA-828A-9A7C1B652A59}.Release|iPhoneSimulator.Build.0 = Release|Any CPU
		{B318FE1E-53B8-46DA-828A-9A7C1B652A59}.Debug|iPhone.ActiveCfg = Debug|Any CPU
		{B318FE1E-53B8-46DA-828A-9A7C1B652A59}.Debug|iPhone.Build.0 = Debug|Any CPU
		{B318FE1E-53B8-46DA-828A-9A7C1B652A59}.Release|iPhone.ActiveCfg = Release|Any CPU
		{B318FE1E-53B8-46DA-828A-9A7C1B652A59}.Release|iPhone.Build.0 = Release|Any CPU
		{040AFCF9-6F0D-4567-BEB0-376F7C7E85E1}.Debug|Any CPU.ActiveCfg = Debug|iPhoneSimulator
		{040AFCF9-6F0D-4567-BEB0-376F7C7E85E1}.Debug|Any CPU.Build.0 = Debug|iPhoneSimulator
		{040AFCF9-6F0D-4567-BEB0-376F7C7E85E1}.Release|Any CPU.ActiveCfg = Release|iPhoneSimulator
		{040AFCF9-6F0D-4567-BEB0-376F7C7E85E1}.Release|Any CPU.Build.0 = Release|iPhoneSimulator
		{040AFCF9-6F0D-4567-BEB0-376F7C7E85E1}.Debug|iPhoneSimulator.ActiveCfg = Debug|iPhoneSimulator
		{040AFCF9-6F0D-4567-BEB0-376F7C7E85E1}.Debug|iPhoneSimulator.Build.0 = Debug|iPhoneSimulator
		{040AFCF9-6F0D-4567-BEB0-376F7C7E85E1}.Release|iPhoneSimulator.ActiveCfg = Release|iPhoneSimulator
		{040AFCF9-6F0D-4567-BEB0-376F7C7E85E1}.Release|iPhoneSimulator.Build.0 = Release|iPhoneSimulator
		{040AFCF9-6F0D-4567-BEB0-376F7C7E85E1}.Debug|iPhone.ActiveCfg = Debug|iPhone
		{040AFCF9-6F0D-4567-BEB0-376F7C7E85E1}.Debug|iPhone.Build.0 = Debug|iPhone
		{040AFCF9-6F0D-4567-BEB0-376F7C7E85E1}.Release|iPhone.ActiveCfg = Release|iPhone
		{040AFCF9-6F0D-4567-BEB0-376F7C7E85E1}.Release|iPhone.Build.0 = Release|iPhone
		{941F98DE-9CC3-40BC-B6D3-B514718CF2EE}.Debug|Any CPU.ActiveCfg = Debug|Any CPU
		{941F98DE-9CC3-40BC-B6D3-B514718CF2EE}.Debug|Any CPU.Build.0 = Debug|Any CPU
		{941F98DE-9CC3-40BC-B6D3-B514718CF2EE}.Release|Any CPU.ActiveCfg = Release|Any CPU
		{941F98DE-9CC3-40BC-B6D3-B514718CF2EE}.Release|Any CPU.Build.0 = Release|Any CPU
		{941F98DE-9CC3-40BC-B6D3-B514718CF2EE}.Debug|iPhoneSimulator.ActiveCfg = Debug|Any CPU
		{941F98DE-9CC3-40BC-B6D3-B514718CF2EE}.Debug|iPhoneSimulator.Build.0 = Debug|Any CPU
		{941F98DE-9CC3-40BC-B6D3-B514718CF2EE}.Release|iPhoneSimulator.ActiveCfg = Release|Any CPU
		{941F98DE-9CC3-40BC-B6D3-B514718CF2EE}.Release|iPhoneSimulator.Build.0 = Release|Any CPU
		{941F98DE-9CC3-40BC-B6D3-B514718CF2EE}.Debug|iPhone.ActiveCfg = Debug|Any CPU
		{941F98DE-9CC3-40BC-B6D3-B514718CF2EE}.Debug|iPhone.Build.0 = Debug|Any CPU
		{941F98DE-9CC3-40BC-B6D3-B514718CF2EE}.Release|iPhone.ActiveCfg = Release|Any CPU
		{941F98DE-9CC3-40BC-B6D3-B514718CF2EE}.Release|iPhone.Build.0 = Release|Any CPU
	EndGlobalSection
	GlobalSection(SolutionProperties) = preSolution
		HideSolutionNode = FALSE
	EndGlobalSection
	GlobalSection(ExtensibilityGlobals) = postSolution
		SolutionGuid = {38C98E4E-AE6F-4BF6-9A38-439F0F9907F2}
	EndGlobalSection
EndGlobal
